
Microsoft Visual Studio Solution File, Format Version 12.00
# Visual Studio 15
Project("{FAE04EC0-301F-11D3-BF4B-00C04F79EFBC}") = "NutriLift", "NutriLift\NutriLift.csproj", "{FA80F815-D9FA-470C-A96B-CD5226E30920}"
EndProject
Global
	GlobalSection(SolutionConfigurationPlatforms) = preSolution
		Debug|Any CPU = Debug|Any CPU
		Release|Any CPU = Release|Any CPU
	EndGlobalSection
	GlobalSection(ProjectConfigurationPlatforms) = postSolution
		{FA80F815-D9FA-470C-A96B-CD5226E30920}.Debug|Any CPU.ActiveCfg = Debug|Any CPU
		{FA80F815-D9FA-470C-A96B-CD5226E30920}.Debug|Any CPU.Build.0 = Debug|Any CPU
		{FA80F815-D9FA-470C-A96B-CD5226E30920}.Release|Any CPU.ActiveCfg = Release|Any CPU
		{FA80F815-D9FA-470C-A96B-CD5226E30920}.Release|Any CPU.Build.0 = Release|Any CPU
	EndGlobalSection
EndGlobal
