Microsoft Visual Studio Solution File, Format Version 12.00
# Visual Studio Version 16
VisualStudioVersion = 16.0.30611.23
MinimumVisualStudioVersion = 10.0.40219.1
Project("{9A19103F-16F7-4668-BE54-9A1E7A4F7556}") = "NutriLift", "NutriLift\NutriLift.csproj", "{FA80F815-D9FA-470C-A96B-CD5226E30920}"
EndProject
Global
	GlobalSection(SolutionConfigurationPlatforms) = preSolution
		Debug|Any CPU = Debug|Any CPU
		Release|Any CPU = Release|Any CPU
	EndGlobalSection
	GlobalSection(ProjectConfigurationPlatforms) = postSolution
		{FA80F815-D9FA-470C-A96B-CD5226E30920}.Debug|Any CPU.ActiveCfg = Debug|Any CPU
		{FA80F815-D9FA-470C-A96B-CD5226E30920}.Debug|Any CPU.Build.0 = Debug|Any CPU
		{FA80F815-D9FA-470C-A96B-CD5226E30920}.Release|Any CPU.ActiveCfg = Release|Any CPU
		{FA80F815-D9FA-470C-A96B-CD5226E30920}.Release|Any CPU.Build.0 = Release|Any CPU
	EndGlobalSection
	GlobalSection(SolutionProperties) = preSolution
		HideSolutionNode = FALSE
	EndGlobalSection
	GlobalSection(ExtensibilityGlobals) = postSolution
		SolutionGuid = {F71BF61E-9144-4B06-B57E-F1D2F02E69EA}
	EndGlobalSection
EndGlobal
